
Microsoft Visual Studio Solution File, Format Version 12.00
# Visual Studio Version 17
VisualStudioVersion = 17.5.002.0
MinimumVisualStudioVersion = 10.0.40219.1
Project("{9A19103F-16F7-4668-BE54-9A1E7A4F7556}") = "Cobrinha", "Cobrinha\Cobrinha.csproj", "{C07D86B7-932C-4F58-8D28-BDAAB53FE26A}"
EndProject
Project("{9A19103F-16F7-4668-BE54-9A1E7A4F7556}") = "HelloWorld", "primeiro-codigo\HelloWorld.csproj", "{4CAA1BCB-8271-4244-93FB-483CD763B868}"
EndProject
Global
	GlobalSection(SolutionConfigurationPlatforms) = preSolution
		Debug|Any CPU = Debug|Any CPU
		Release|Any CPU = Release|Any CPU
	EndGlobalSection
	GlobalSection(ProjectConfigurationPlatforms) = postSolution
		{C07D86B7-932C-4F58-8D28-BDAAB53FE26A}.Debug|Any CPU.ActiveCfg = Debug|Any CPU
		{C07D86B7-932C-4F58-8D28-BDAAB53FE26A}.Debug|Any CPU.Build.0 = Debug|Any CPU
		{C07D86B7-932C-4F58-8D28-BDAAB53FE26A}.Release|Any CPU.ActiveCfg = Release|Any CPU
		{C07D86B7-932C-4F58-8D28-BDAAB53FE26A}.Release|Any CPU.Build.0 = Release|Any CPU
		{4CAA1BCB-8271-4244-93FB-483CD763B868}.Debug|Any CPU.ActiveCfg = Debug|Any CPU
		{4CAA1BCB-8271-4244-93FB-483CD763B868}.Debug|Any CPU.Build.0 = Debug|Any CPU
		{4CAA1BCB-8271-4244-93FB-483CD763B868}.Release|Any CPU.ActiveCfg = Release|Any CPU
		{4CAA1BCB-8271-4244-93FB-483CD763B868}.Release|Any CPU.Build.0 = Release|Any CPU
	EndGlobalSection
	GlobalSection(SolutionProperties) = preSolution
		HideSolutionNode = FALSE
	EndGlobalSection
	GlobalSection(ExtensibilityGlobals) = postSolution
		SolutionGuid = {A4C8009F-B1AC-45FF-85B5-767ECD682ED6}
	EndGlobalSection
EndGlobal
